<Solution>
  <Folder Name="/tests/">
    <Project Path="Tests/Customer.Component.Tests/Customer.Component.Tests.csproj" />
    <Project Path="tests/Customer.Tests.Utilities/Customer.Tests.Utilities.csproj" />
    <Project Path="tests/Customer.Unit.Tests/Customer.Unit.Tests.csproj" />
  </Folder>
  <Project Path="Customer.Model/Customer.Model.csproj" />
  <Project Path="Customer.WebApi/Customer.WebApi.csproj" />
</Solution>
